
Microsoft Visual Studio Solution File, Format Version 12.00
# Visual Studio Version 17
VisualStudioVersion = 17.9.34728.123
MinimumVisualStudioVersion = 10.0.40219.1
Project("{FAE04EC0-301F-11D3-BF4B-00C04F79EFBC}") = "CampeonatoFutebolBD", "CampeonatoFutebolBD\CampeonatoFutebolBD.csproj", "{8447583C-0F60-4100-A4F7-F1CADDF0CEE0}"
EndProject
Global
	GlobalSection(SolutionConfigurationPlatforms) = preSolution
		Debug|Any CPU = Debug|Any CPU
		Release|Any CPU = Release|Any CPU
	EndGlobalSection
	GlobalSection(ProjectConfigurationPlatforms) = postSolution
		{8447583C-0F60-4100-A4F7-F1CADDF0CEE0}.Debug|Any CPU.ActiveCfg = Debug|Any CPU
		{8447583C-0F60-4100-A4F7-F1CADDF0CEE0}.Debug|Any CPU.Build.0 = Debug|Any CPU
		{8447583C-0F60-4100-A4F7-F1CADDF0CEE0}.Release|Any CPU.ActiveCfg = Release|Any CPU
		{8447583C-0F60-4100-A4F7-F1CADDF0CEE0}.Release|Any CPU.Build.0 = Release|Any CPU
	EndGlobalSection
	GlobalSection(SolutionProperties) = preSolution
		HideSolutionNode = FALSE
	EndGlobalSection
	GlobalSection(ExtensibilityGlobals) = postSolution
		SolutionGuid = {A8A13CF2-BC50-454D-9543-5D5EA3481CEA}
	EndGlobalSection
EndGlobal
